// !$*UTF8*$!
{
	archiveVersion = 1;
	classes = {
	};
	objectVersion = 46;
	objects = {

/* Begin PBXBuildFile section */
		0EB0635B1AC3A7BD001D1AAD /* AppDelegate.swift in Sources */ = {isa = PBXBuildFile; fileRef = 0EB0635A1AC3A7BD001D1AAD /* AppDelegate.swift */; };
		0EB0635D1AC3A7BD001D1AAD /* RootViewController.swift in Sources */ = {isa = PBXBuildFile; fileRef = 0EB0635C1AC3A7BD001D1AAD /* RootViewController.swift */; };
		0EB0635F1AC3A7BD001D1AAD /* DataViewController.swift in Sources */ = {isa = PBXBuildFile; fileRef = 0EB0635E1AC3A7BD001D1AAD /* DataViewController.swift */; };
		0EB063611AC3A7BD001D1AAD /* ModelController.swift in Sources */ = {isa = PBXBuildFile; fileRef = 0EB063601AC3A7BD001D1AAD /* ModelController.swift */; };
		0EB063641AC3A7BD001D1AAD /* Main.storyboard in Resources */ = {isa = PBXBuildFile; fileRef = 0EB063621AC3A7BD001D1AAD /* Main.storyboard */; };
		0EB063661AC3A7BD001D1AAD /* Images.xcassets in Resources */ = {isa = PBXBuildFile; fileRef = 0EB063651AC3A7BD001D1AAD /* Images.xcassets */; };
		0EB063691AC3A7BD001D1AAD /* LaunchScreen.xib in Resources */ = {isa = PBXBuildFile; fileRef = 0EB063671AC3A7BD001D1AAD /* LaunchScreen.xib */; };
		0EB063751AC3A7BD001D1AAD /* TeacherOnCallTests.swift in Sources */ = {isa = PBXBuildFile; fileRef = 0EB063741AC3A7BD001D1AAD /* TeacherOnCallTests.swift */; };
/* End PBXBuildFile section */

/* Begin PBXContainerItemProxy section */
		0EB0636F1AC3A7BD001D1AAD /* PBXContainerItemProxy */ = {
			isa = PBXContainerItemProxy;
			containerPortal = 0EB0634D1AC3A7BD001D1AAD /* Project object */;
			proxyType = 1;
			remoteGlobalIDString = 0EB063541AC3A7BD001D1AAD;
			remoteInfo = TeacherOnCall;
		};
/* End PBXContainerItemProxy section */

/* Begin PBXFileReference section */
		0EB063551AC3A7BD001D1AAD /* TeacherOnCall.app */ = {isa = PBXFileReference; explicitFileType = wrapper.application; includeInIndex = 0; path = TeacherOnCall.app; sourceTree = BUILT_PRODUCTS_DIR; };
		0EB063591AC3A7BD001D1AAD /* Info.plist */ = {isa = PBXFileReference; lastKnownFileType = text.plist.xml; path = Info.plist; sourceTree = "<group>"; };
		0EB0635A1AC3A7BD001D1AAD /* AppDelegate.swift */ = {isa = PBXFileReference; lastKnownFileType = sourcecode.swift; path = AppDelegate.swift; sourceTree = "<group>"; };
		0EB0635C1AC3A7BD001D1AAD /* RootViewController.swift */ = {isa = PBXFileReference; lastKnownFileType = sourcecode.swift; path = RootViewController.swift; sourceTree = "<group>"; };
		0EB0635E1AC3A7BD001D1AAD /* DataViewController.swift */ = {isa = PBXFileReference; lastKnownFileType = sourcecode.swift; path = DataViewController.swift; sourceTree = "<group>"; };
		0EB063601AC3A7BD001D1AAD /* ModelController.swift */ = {isa = PBXFileReference; lastKnownFileType = sourcecode.swift; path = ModelController.swift; sourceTree = "<group>"; };
		0EB063631AC3A7BD001D1AAD /* Base */ = {isa = PBXFileReference; lastKnownFileType = file.storyboard; name = Base; path = Base.lproj/Main.storyboard; sourceTree = "<group>"; };
		0EB063651AC3A7BD001D1AAD /* Images.xcassets */ = {isa = PBXFileReference; lastKnownFileType = folder.assetcatalog; path = Images.xcassets; sourceTree = "<group>"; };
		0EB063681AC3A7BD001D1AAD /* Base */ = {isa = PBXFileReference; lastKnownFileType = file.xib; name = Base; path = Base.lproj/LaunchScreen.xib; sourceTree = "<group>"; };
		0EB0636E1AC3A7BD001D1AAD /* TeacherOnCallTests.xctest */ = {isa = PBXFileReference; explicitFileType = wrapper.cfbundle; includeInIndex = 0; path = TeacherOnCallTests.xctest; sourceTree = BUILT_PRODUCTS_DIR; };
		0EB063731AC3A7BD001D1AAD /* Info.plist */ = {isa = PBXFileReference; lastKnownFileType = text.plist.xml; path = Info.plist; sourceTree = "<group>"; };
		0EB063741AC3A7BD001D1AAD /* TeacherOnCallTests.swift */ = {isa = PBXFileReference; lastKnownFileType = sourcecode.swift; path = TeacherOnCallTests.swift; sourceTree = "<group>"; };
/* End PBXFileReference section */

/* Begin PBXFrameworksBuildPhase section */
		0EB063521AC3A7BD001D1AAD /* Frameworks */ = {
			isa = PBXFrameworksBuildPhase;
			buildActionMask = 2147483647;
			files = (
			);
			runOnlyForDeploymentPostprocessing = 0;
		};
		0EB0636B1AC3A7BD001D1AAD /* Frameworks */ = {
			isa = PBXFrameworksBuildPhase;
			buildActionMask = 2147483647;
			files = (
			);
			runOnlyForDeploymentPostprocessing = 0;
		};
/* End PBXFrameworksBuildPhase section */

/* Begin PBXGroup section */
		0EB0634C1AC3A7BD001D1AAD = {
			isa = PBXGroup;
			children = (
				0EB063571AC3A7BD001D1AAD /* TeacherOnCall */,
				0EB063711AC3A7BD001D1AAD /* TeacherOnCallTests */,
				0EB063561AC3A7BD001D1AAD /* Products */,
			);
			sourceTree = "<group>";
		};
		0EB063561AC3A7BD001D1AAD /* Products */ = {
			isa = PBXGroup;
			children = (
				0EB063551AC3A7BD001D1AAD /* TeacherOnCall.app */,
				0EB0636E1AC3A7BD001D1AAD /* TeacherOnCallTests.xctest */,
			);
			name = Products;
			sourceTree = "<group>";
		};
		0EB063571AC3A7BD001D1AAD /* TeacherOnCall */ = {
			isa = PBXGroup;
			children = (
				0EB0635A1AC3A7BD001D1AAD /* AppDelegate.swift */,
				0EB0635C1AC3A7BD001D1AAD /* RootViewController.swift */,
				0EB0635E1AC3A7BD001D1AAD /* DataViewController.swift */,
				0EB063601AC3A7BD001D1AAD /* ModelController.swift */,
				0EB063621AC3A7BD001D1AAD /* Main.storyboard */,
				0EB063651AC3A7BD001D1AAD /* Images.xcassets */,
				0EB063671AC3A7BD001D1AAD /* LaunchScreen.xib */,
				0EB063581AC3A7BD001D1AAD /* Supporting Files */,
			);
			path = TeacherOnCall;
			sourceTree = "<group>";
		};
		0EB063581AC3A7BD001D1AAD /* Supporting Files */ = {
			isa = PBXGroup;
			children = (
				0EB063591AC3A7BD001D1AAD /* Info.plist */,
			);
			name = "Supporting Files";
			sourceTree = "<group>";
		};
		0EB063711AC3A7BD001D1AAD /* TeacherOnCallTests */ = {
			isa = PBXGroup;
			children = (
				0EB063741AC3A7BD001D1AAD /* TeacherOnCallTests.swift */,
				0EB063721AC3A7BD001D1AAD /* Supporting Files */,
			);
			path = TeacherOnCallTests;
			sourceTree = "<group>";
		};
		0EB063721AC3A7BD001D1AAD /* Supporting Files */ = {
			isa = PBXGroup;
			children = (
				0EB063731AC3A7BD001D1AAD /* Info.plist */,
			);
			name = "Supporting Files";
			sourceTree = "<group>";
		};
/* End PBXGroup section */

/* Begin PBXNativeTarget section */
		0EB063541AC3A7BD001D1AAD /* TeacherOnCall */ = {
			isa = PBXNativeTarget;
			buildConfigurationList = 0EB063781AC3A7BD001D1AAD /* Build configuration list for PBXNativeTarget "TeacherOnCall" */;
			buildPhases = (
				0EB063511AC3A7BD001D1AAD /* Sources */,
				0EB063521AC3A7BD001D1AAD /* Frameworks */,
				0EB063531AC3A7BD001D1AAD /* Resources */,
			);
			buildRules = (
			);
			dependencies = (
			);
			name = TeacherOnCall;
			productName = TeacherOnCall;
			productReference = 0EB063551AC3A7BD001D1AAD /* TeacherOnCall.app */;
			productType = "com.apple.product-type.application";
		};
		0EB0636D1AC3A7BD001D1AAD /* TeacherOnCallTests */ = {
			isa = PBXNativeTarget;
			buildConfigurationList = 0EB0637B1AC3A7BD001D1AAD /* Build configuration list for PBXNativeTarget "TeacherOnCallTests" */;
			buildPhases = (
				0EB0636A1AC3A7BD001D1AAD /* Sources */,
				0EB0636B1AC3A7BD001D1AAD /* Frameworks */,
				0EB0636C1AC3A7BD001D1AAD /* Resources */,
			);
			buildRules = (
			);
			dependencies = (
				0EB063701AC3A7BD001D1AAD /* PBXTargetDependency */,
			);
			name = TeacherOnCallTests;
			productName = TeacherOnCallTests;
			productReference = 0EB0636E1AC3A7BD001D1AAD /* TeacherOnCallTests.xctest */;
			productType = "com.apple.product-type.bundle.unit-test";
		};
/* End PBXNativeTarget section */

/* Begin PBXProject section */
		0EB0634D1AC3A7BD001D1AAD /* Project object */ = {
			isa = PBXProject;
			attributes = {
				LastUpgradeCheck = 0620;
				ORGANIZATIONNAME = "ZMV Incorporated";
				TargetAttributes = {
					0EB063541AC3A7BD001D1AAD = {
						CreatedOnToolsVersion = 6.2;
					};
					0EB0636D1AC3A7BD001D1AAD = {
						CreatedOnToolsVersion = 6.2;
						TestTargetID = 0EB063541AC3A7BD001D1AAD;
					};
				};
			};
			buildConfigurationList = 0EB063501AC3A7BD001D1AAD /* Build configuration list for PBXProject "TeacherOnCall" */;
			compatibilityVersion = "Xcode 3.2";
			developmentRegion = English;
			hasScannedForEncodings = 0;
			knownRegions = (
				en,
				Base,
			);
			mainGroup = 0EB0634C1AC3A7BD001D1AAD;
			productRefGroup = 0EB063561AC3A7BD001D1AAD /* Products */;
			projectDirPath = "";
			projectRoot = "";
			targets = (
				0EB063541AC3A7BD001D1AAD /* TeacherOnCall */,
				0EB0636D1AC3A7BD001D1AAD /* TeacherOnCallTests */,
			);
		};
/* End PBXProject section */

/* Begin PBXResourcesBuildPhase section */
		0EB063531AC3A7BD001D1AAD /* Resources */ = {
			isa = PBXResourcesBuildPhase;
			buildActionMask = 2147483647;
			files = (
				0EB063641AC3A7BD001D1AAD /* Main.storyboard in Resources */,
				0EB063691AC3A7BD001D1AAD /* LaunchScreen.xib in Resources */,
				0EB063661AC3A7BD001D1AAD /* Images.xcassets in Resources */,
			);
			runOnlyForDeploymentPostprocessing = 0;
		};
		0EB0636C1AC3A7BD001D1AAD /* Resources */ = {
			isa = PBXResourcesBuildPhase;
			buildActionMask = 2147483647;
			files = (
			);
			runOnlyForDeploymentPostprocessing = 0;
		};
/* End PBXResourcesBuildPhase section */

/* Begin PBXSourcesBuildPhase section */
		0EB063511AC3A7BD001D1AAD /* Sources */ = {
			isa = PBXSourcesBuildPhase;
			buildActionMask = 2147483647;
			files = (
				0EB0635D1AC3A7BD001D1AAD /* RootViewController.swift in Sources */,
				0EB063611AC3A7BD001D1AAD /* ModelController.swift in Sources */,
				0EB0635F1AC3A7BD001D1AAD /* DataViewController.swift in Sources */,
				0EB0635B1AC3A7BD001D1AAD /* AppDelegate.swift in Sources */,
			);
			runOnlyForDeploymentPostprocessing = 0;
		};
		0EB0636A1AC3A7BD001D1AAD /* Sources */ = {
			isa = PBXSourcesBuildPhase;
			buildActionMask = 2147483647;
			files = (
				0EB063751AC3A7BD001D1AAD /* TeacherOnCallTests.swift in Sources */,
			);
			runOnlyForDeploymentPostprocessing = 0;
		};
/* End PBXSourcesBuildPhase section */

/* Begin PBXTargetDependency section */
		0EB063701AC3A7BD001D1AAD /* PBXTargetDependency */ = {
			isa = PBXTargetDependency;
			target = 0EB063541AC3A7BD001D1AAD /* TeacherOnCall */;
			targetProxy = 0EB0636F1AC3A7BD001D1AAD /* PBXContainerItemProxy */;
		};
/* End PBXTargetDependency section */

/* Begin PBXVariantGroup section */
		0EB063621AC3A7BD001D1AAD /* Main.storyboard */ = {
			isa = PBXVariantGroup;
			children = (
				0EB063631AC3A7BD001D1AAD /* Base */,
			);
			name = Main.storyboard;
			sourceTree = "<group>";
		};
		0EB063671AC3A7BD001D1AAD /* LaunchScreen.xib */ = {
			isa = PBXVariantGroup;
			children = (
				0EB063681AC3A7BD001D1AAD /* Base */,
			);
			name = LaunchScreen.xib;
			sourceTree = "<group>";
		};
/* End PBXVariantGroup section */

/* Begin XCBuildConfiguration section */
		0EB063761AC3A7BD001D1AAD /* Debug */ = {
			isa = XCBuildConfiguration;
			buildSettings = {
				ALWAYS_SEARCH_USER_PATHS = NO;
				CLANG_CXX_LANGUAGE_STANDARD = "gnu++0x";
				CLANG_CXX_LIBRARY = "libc++";
				CLANG_ENABLE_MODULES = YES;
				CLANG_ENABLE_OBJC_ARC = YES;
				CLANG_WARN_BOOL_CONVERSION = YES;
				CLANG_WARN_CONSTANT_CONVERSION = YES;
				CLANG_WARN_DIRECT_OBJC_ISA_USAGE = YES_ERROR;
				CLANG_WARN_EMPTY_BODY = YES;
				CLANG_WARN_ENUM_CONVERSION = YES;
				CLANG_WARN_INT_CONVERSION = YES;
				CLANG_WARN_OBJC_ROOT_CLASS = YES_ERROR;
				CLANG_WARN_UNREACHABLE_CODE = YES;
				CLANG_WARN__DUPLICATE_METHOD_MATCH = YES;
				"CODE_SIGN_IDENTITY[sdk=iphoneos*]" = "iPhone Developer";
				COPY_PHASE_STRIP = NO;
				ENABLE_STRICT_OBJC_MSGSEND = YES;
				GCC_C_LANGUAGE_STANDARD = gnu99;
				GCC_DYNAMIC_NO_PIC = NO;
				GCC_OPTIMIZATION_LEVEL = 0;
				GCC_PREPROCESSOR_DEFINITIONS = (
					"DEBUG=1",
					"$(inherited)",
				);
				GCC_SYMBOLS_PRIVATE_EXTERN = NO;
				GCC_WARN_64_TO_32_BIT_CONVERSION = YES;
				GCC_WARN_ABOUT_RETURN_TYPE = YES_ERROR;
				GCC_WARN_UNDECLARED_SELECTOR = YES;
				GCC_WARN_UNINITIALIZED_AUTOS = YES_AGGRESSIVE;
				GCC_WARN_UNUSED_FUNCTION = YES;
				GCC_WARN_UNUSED_VARIABLE = YES;
				IPHONEOS_DEPLOYMENT_TARGET = 8.2;
				MTL_ENABLE_DEBUG_INFO = YES;
				ONLY_ACTIVE_ARCH = YES;
				SDKROOT = iphoneos;
				SWIFT_OPTIMIZATION_LEVEL = "-Onone";
				TARGETED_DEVICE_FAMILY = "1,2";
			};
			name = Debug;
		};
		0EB063771AC3A7BD001D1AAD /* Release */ = {
			isa = XCBuildConfiguration;
			buildSettings = {
				ALWAYS_SEARCH_USER_PATHS = NO;
				CLANG_CXX_LANGUAGE_STANDARD = "gnu++0x";
				CLANG_CXX_LIBRARY = "libc++";
				CLANG_ENABLE_MODULES = YES;
				CLANG_ENABLE_OBJC_ARC = YES;
				CLANG_WARN_BOOL_CONVERSION = YES;
				CLANG_WARN_CONSTANT_CONVERSION = YES;
				CLANG_WARN_DIRECT_OBJC_ISA_USAGE = YES_ERROR;
				CLANG_WARN_EMPTY_BODY = YES;
				CLANG_WARN_ENUM_CONVERSION = YES;
				CLANG_WARN_INT_CONVERSION = YES;
				CLANG_WARN_OBJC_ROOT_CLASS = YES_ERROR;
				CLANG_WARN_UNREACHABLE_CODE = YES;
				CLANG_WARN__DUPLICATE_METHOD_MATCH = YES;
				"CODE_SIGN_IDENTITY[sdk=iphoneos*]" = "iPhone Developer";
				COPY_PHASE_STRIP = NO;
				ENABLE_NS_ASSERTIONS = NO;
				ENABLE_STRICT_OBJC_MSGSEND = YES;
				GCC_C_LANGUAGE_STANDARD = gnu99;
				GCC_WARN_64_TO_32_BIT_CONVERSION = YES;
				GCC_WARN_ABOUT_RETURN_TYPE = YES_ERROR;
				GCC_WARN_UNDECLARED_SELECTOR = YES;
				GCC_WARN_UNINITIALIZED_AUTOS = YES_AGGRESSIVE;
				GCC_WARN_UNUSED_FUNCTION = YES;
				GCC_WARN_UNUSED_VARIABLE = YES;
				IPHONEOS_DEPLOYMENT_TARGET = 8.2;
				MTL_ENABLE_DEBUG_INFO = NO;
				SDKROOT = iphoneos;
				TARGETED_DEVICE_FAMILY = "1,2";
				VALIDATE_PRODUCT = YES;
			};
			name = Release;
		};
		0EB063791AC3A7BD001D1AAD /* Debug */ = {
			isa = XCBuildConfiguration;
			buildSettings = {
				ASSETCATALOG_COMPILER_APPICON_NAME = AppIcon;
				INFOPLIST_FILE = TeacherOnCall/Info.plist;
				LD_RUNPATH_SEARCH_PATHS = "$(inherited) @executable_path/Frameworks";
				PRODUCT_NAME = "$(TARGET_NAME)";
			};
			name = Debug;
		};
		0EB0637A1AC3A7BD001D1AAD /* Release */ = {
			isa = XCBuildConfiguration;
			buildSettings = {
				ASSETCATALOG_COMPILER_APPICON_NAME = AppIcon;
				INFOPLIST_FILE = TeacherOnCall/Info.plist;
				LD_RUNPATH_SEARCH_PATHS = "$(inherited) @executable_path/Frameworks";
				PRODUCT_NAME = "$(TARGET_NAME)";
			};
			name = Release;
		};
		0EB0637C1AC3A7BD001D1AAD /* Debug */ = {
			isa = XCBuildConfiguration;
			buildSettings = {
				BUNDLE_LOADER = "$(TEST_HOST)";
				FRAMEWORK_SEARCH_PATHS = (
					"$(SDKROOT)/Developer/Library/Frameworks",
					"$(inherited)",
				);
				GCC_PREPROCESSOR_DEFINITIONS = (
					"DEBUG=1",
					"$(inherited)",
				);
				INFOPLIST_FILE = TeacherOnCallTests/Info.plist;
				LD_RUNPATH_SEARCH_PATHS = "$(inherited) @executable_path/Frameworks @loader_path/Frameworks";
				PRODUCT_NAME = "$(TARGET_NAME)";
				TEST_HOST = "$(BUILT_PRODUCTS_DIR)/TeacherOnCall.app/TeacherOnCall";
			};
			name = Debug;
		};
		0EB0637D1AC3A7BD001D1AAD /* Release */ = {
			isa = XCBuildConfiguration;
			buildSettings = {
				BUNDLE_LOADER = "$(TEST_HOST)";
				FRAMEWORK_SEARCH_PATHS = (
					"$(SDKROOT)/Developer/Library/Frameworks",
					"$(inherited)",
				);
				INFOPLIST_FILE = TeacherOnCallTests/Info.plist;
				LD_RUNPATH_SEARCH_PATHS = "$(inherited) @executable_path/Frameworks @loader_path/Frameworks";
				PRODUCT_NAME = "$(TARGET_NAME)";
				TEST_HOST = "$(BUILT_PRODUCTS_DIR)/TeacherOnCall.app/TeacherOnCall";
			};
			name = Release;
		};
/* End XCBuildConfiguration section */

/* Begin XCConfigurationList section */
		0EB063501AC3A7BD001D1AAD /* Build configuration list for PBXProject "TeacherOnCall" */ = {
			isa = XCConfigurationList;
			buildConfigurations = (
				0EB063761AC3A7BD001D1AAD /* Debug */,
				0EB063771AC3A7BD001D1AAD /* Release */,
			);
			defaultConfigurationIsVisible = 0;
			defaultConfigurationName = Release;
		};
		0EB063781AC3A7BD001D1AAD /* Build configuration list for PBXNativeTarget "TeacherOnCall" */ = {
			isa = XCConfigurationList;
			buildConfigurations = (
				0EB063791AC3A7BD001D1AAD /* Debug */,
				0EB0637A1AC3A7BD001D1AAD /* Release */,
			);
			defaultConfigurationIsVisible = 0;
		};
		0EB0637B1AC3A7BD001D1AAD /* Build configuration list for PBXNativeTarget "TeacherOnCallTests" */ = {
			isa = XCConfigurationList;
			buildConfigurations = (
				0EB0637C1AC3A7BD001D1AAD /* Debug */,
				0EB0637D1AC3A7BD001D1AAD /* Release */,
			);
			defaultConfigurationIsVisible = 0;
		};
/* End XCConfigurationList section */
	};
	rootObject = 0EB0634D1AC3A7BD001D1AAD /* Project object */;
}
